
Microsoft Visual Studio Solution File, Format Version 12.00
# Visual Studio Version 17
VisualStudioVersion = 17.14.36414.22 d17.14
MinimumVisualStudioVersion = 10.0.40219.1
Project("{FAE04EC0-301F-11D3-BF4B-00C04F79EFBC}") = "MajstorFinder.WebAPI", "MajstorFinder.WebAPI\MajstorFinder.WebAPI.csproj", "{9E9A7F32-0F95-4ADD-9FD9-47491ECD2918}"
EndProject
Project("{FAE04EC0-301F-11D3-BF4B-00C04F79EFBC}") = "MajstorFinder.WebApp", "MajstorFinder.WebApp\MajstorFinder.WebApp.csproj", "{8F469102-076F-4755-A3E7-F16CC181502F}"
EndProject
Global
	GlobalSection(SolutionConfigurationPlatforms) = preSolution
		Debug|Any CPU = Debug|Any CPU
		Release|Any CPU = Release|Any CPU
	EndGlobalSection
	GlobalSection(ProjectConfigurationPlatforms) = postSolution
		{9E9A7F32-0F95-4ADD-9FD9-47491ECD2918}.Debug|Any CPU.ActiveCfg = Debug|Any CPU
		{9E9A7F32-0F95-4ADD-9FD9-47491ECD2918}.Debug|Any CPU.Build.0 = Debug|Any CPU
		{9E9A7F32-0F95-4ADD-9FD9-47491ECD2918}.Release|Any CPU.ActiveCfg = Release|Any CPU
		{9E9A7F32-0F95-4ADD-9FD9-47491ECD2918}.Release|Any CPU.Build.0 = Release|Any CPU
		{8F469102-076F-4755-A3E7-F16CC181502F}.Debug|Any CPU.ActiveCfg = Debug|Any CPU
		{8F469102-076F-4755-A3E7-F16CC181502F}.Debug|Any CPU.Build.0 = Debug|Any CPU
		{8F469102-076F-4755-A3E7-F16CC181502F}.Release|Any CPU.ActiveCfg = Release|Any CPU
		{8F469102-076F-4755-A3E7-F16CC181502F}.Release|Any CPU.Build.0 = Release|Any CPU
	EndGlobalSection
	GlobalSection(SolutionProperties) = preSolution
		HideSolutionNode = FALSE
	EndGlobalSection
	GlobalSection(ExtensibilityGlobals) = postSolution
		SolutionGuid = {D3E37125-8A21-4949-94DF-4C7F2346CBE9}
	EndGlobalSection
EndGlobal
